
Microsoft Visual Studio Solution File, Format Version 12.00
# Visual Studio Version 17
VisualStudioVersion = 17.0.31903.59
MinimumVisualStudioVersion = 10.0.40219.1
Project("{FAE04EC0-301F-11D3-BF4B-00C04F79EFBC}") = "OptimalyAI", "OptimalyAI.csproj", "{06742515-31E5-454F-AA56-A81AE504B388}"
EndProject
Project("{FAE04EC0-301F-11D3-BF4B-00C04F79EFBC}") = "OAI.ServiceLayer", "OAI.ServiceLayer\OAI.ServiceLayer.csproj", "{585AE545-8587-4DF4-9E5B-A1CF87188726}"
EndProject
Project("{FAE04EC0-301F-11D3-BF4B-00C04F79EFBC}") = "OAI.Core", "OAI.Core\OAI.Core.csproj", "{ADB42D08-D096-47AF-9AF2-75C9A4C78F30}"
EndProject
Project("{FAE04EC0-301F-11D3-BF4B-00C04F79EFBC}") = "OAI.DataLayer", "OAI.DataLayer\OAI.DataLayer.csproj", "{C6188ACA-262D-49E0-AF1F-49A8795D5BA2}"
EndProject
Global
	GlobalSection(SolutionConfigurationPlatforms) = preSolution
		Debug|Any CPU = Debug|Any CPU
		Release|Any CPU = Release|Any CPU
	EndGlobalSection
	GlobalSection(SolutionProperties) = preSolution
		HideSolutionNode = FALSE
	EndGlobalSection
	GlobalSection(ProjectConfigurationPlatforms) = postSolution
		{06742515-31E5-454F-AA56-A81AE504B388}.Debug|Any CPU.ActiveCfg = Debug|Any CPU
		{06742515-31E5-454F-AA56-A81AE504B388}.Debug|Any CPU.Build.0 = Debug|Any CPU
		{06742515-31E5-454F-AA56-A81AE504B388}.Release|Any CPU.ActiveCfg = Release|Any CPU
		{06742515-31E5-454F-AA56-A81AE504B388}.Release|Any CPU.Build.0 = Release|Any CPU
		{585AE545-8587-4DF4-9E5B-A1CF87188726}.Debug|Any CPU.ActiveCfg = Debug|Any CPU
		{585AE545-8587-4DF4-9E5B-A1CF87188726}.Debug|Any CPU.Build.0 = Debug|Any CPU
		{585AE545-8587-4DF4-9E5B-A1CF87188726}.Release|Any CPU.ActiveCfg = Release|Any CPU
		{585AE545-8587-4DF4-9E5B-A1CF87188726}.Release|Any CPU.Build.0 = Release|Any CPU
		{ADB42D08-D096-47AF-9AF2-75C9A4C78F30}.Debug|Any CPU.ActiveCfg = Debug|Any CPU
		{ADB42D08-D096-47AF-9AF2-75C9A4C78F30}.Debug|Any CPU.Build.0 = Debug|Any CPU
		{ADB42D08-D096-47AF-9AF2-75C9A4C78F30}.Release|Any CPU.ActiveCfg = Release|Any CPU
		{ADB42D08-D096-47AF-9AF2-75C9A4C78F30}.Release|Any CPU.Build.0 = Release|Any CPU
		{C6188ACA-262D-49E0-AF1F-49A8795D5BA2}.Debug|Any CPU.ActiveCfg = Debug|Any CPU
		{C6188ACA-262D-49E0-AF1F-49A8795D5BA2}.Debug|Any CPU.Build.0 = Debug|Any CPU
		{C6188ACA-262D-49E0-AF1F-49A8795D5BA2}.Release|Any CPU.ActiveCfg = Release|Any CPU
		{C6188ACA-262D-49E0-AF1F-49A8795D5BA2}.Release|Any CPU.Build.0 = Release|Any CPU
	EndGlobalSection
EndGlobal
